{
  "version": "3",
  "packages": {
    "specifiers": {
      "jsr:@hono/hono@^4.5.5": "jsr:@hono/hono@4.5.5"
    },
    "jsr": {
      "@hono/hono@4.5.5": {
        "integrity": "e5a63b5f535475cd80974b65fed23a138d0cbb91fe1cc9a17a7c7278e835c308"
      }
    }
  },
  "remote": {},
  "workspace": {
    "dependencies": [
      "jsr:@hono/hono@^4.5.5"
    ]
  }
}
